// !$*UTF8*$!
{
	archiveVersion = 1;
	classes = {
	};
	objectVersion = 56;
	objects = {

/* Begin PBXBuildFile section */
		958C0B482A0871D100010257 /* AppDelegate.swift in Sources */ = {isa = PBXBuildFile; fileRef = 958C0B472A0871D100010257 /* AppDelegate.swift */; };
		958C0B4A2A0871D100010257 /* SceneDelegate.swift in Sources */ = {isa = PBXBuildFile; fileRef = 958C0B492A0871D100010257 /* SceneDelegate.swift */; };
		958C0B4C2A0871D100010257 /* DessertViewController.swift in Sources */ = {isa = PBXBuildFile; fileRef = 958C0B4B2A0871D100010257 /* DessertViewController.swift */; };
		958C0B512A0871D100010257 /* Assets.xcassets in Resources */ = {isa = PBXBuildFile; fileRef = 958C0B502A0871D100010257 /* Assets.xcassets */; };
		958C0B542A0871D100010257 /* LaunchScreen.storyboard in Resources */ = {isa = PBXBuildFile; fileRef = 958C0B522A0871D100010257 /* LaunchScreen.storyboard */; };
		958C0B5C2A0C771900010257 /* DessertModel.swift in Sources */ = {isa = PBXBuildFile; fileRef = 958C0B5B2A0C771900010257 /* DessertModel.swift */; };
		958C0B5E2A0EB5B200010257 /* DessertService.swift in Sources */ = {isa = PBXBuildFile; fileRef = 958C0B5D2A0EB5B200010257 /* DessertService.swift */; };
		958C0B602A0ED2BA00010257 /* DessertViewModel.swift in Sources */ = {isa = PBXBuildFile; fileRef = 958C0B5F2A0ED2BA00010257 /* DessertViewModel.swift */; };
		958C0B622A0EDE1400010257 /* DessertDetailViewController.swift in Sources */ = {isa = PBXBuildFile; fileRef = 958C0B612A0EDE1400010257 /* DessertDetailViewController.swift */; };
		958C0B642A0EDE2300010257 /* DessertTableViewCell.swift in Sources */ = {isa = PBXBuildFile; fileRef = 958C0B632A0EDE2300010257 /* DessertTableViewCell.swift */; };
		959BBEB62A0F1C7900DED396 /* SDWebImage in Frameworks */ = {isa = PBXBuildFile; productRef = 959BBEB52A0F1C7800DED396 /* SDWebImage */; };
/* End PBXBuildFile section */

/* Begin PBXFileReference section */
		958C0B442A0871D100010257 /* Dessert.app */ = {isa = PBXFileReference; explicitFileType = wrapper.application; includeInIndex = 0; path = Dessert.app; sourceTree = BUILT_PRODUCTS_DIR; };
		958C0B472A0871D100010257 /* AppDelegate.swift */ = {isa = PBXFileReference; lastKnownFileType = sourcecode.swift; path = AppDelegate.swift; sourceTree = "<group>"; };
		958C0B492A0871D100010257 /* SceneDelegate.swift */ = {isa = PBXFileReference; lastKnownFileType = sourcecode.swift; path = SceneDelegate.swift; sourceTree = "<group>"; };
		958C0B4B2A0871D100010257 /* DessertViewController.swift */ = {isa = PBXFileReference; lastKnownFileType = sourcecode.swift; path = DessertViewController.swift; sourceTree = "<group>"; };
		958C0B502A0871D100010257 /* Assets.xcassets */ = {isa = PBXFileReference; lastKnownFileType = folder.assetcatalog; path = Assets.xcassets; sourceTree = "<group>"; };
		958C0B532A0871D100010257 /* Base */ = {isa = PBXFileReference; lastKnownFileType = file.storyboard; name = Base; path = Base.lproj/LaunchScreen.storyboard; sourceTree = "<group>"; };
		958C0B552A0871D100010257 /* Info.plist */ = {isa = PBXFileReference; lastKnownFileType = text.plist.xml; path = Info.plist; sourceTree = "<group>"; };
		958C0B5B2A0C771900010257 /* DessertModel.swift */ = {isa = PBXFileReference; lastKnownFileType = sourcecode.swift; path = DessertModel.swift; sourceTree = "<group>"; };
		958C0B5D2A0EB5B200010257 /* DessertService.swift */ = {isa = PBXFileReference; lastKnownFileType = sourcecode.swift; path = DessertService.swift; sourceTree = "<group>"; };
		958C0B5F2A0ED2BA00010257 /* DessertViewModel.swift */ = {isa = PBXFileReference; lastKnownFileType = sourcecode.swift; path = DessertViewModel.swift; sourceTree = "<group>"; };
		958C0B612A0EDE1400010257 /* DessertDetailViewController.swift */ = {isa = PBXFileReference; lastKnownFileType = sourcecode.swift; path = DessertDetailViewController.swift; sourceTree = "<group>"; };
		958C0B632A0EDE2300010257 /* DessertTableViewCell.swift */ = {isa = PBXFileReference; lastKnownFileType = sourcecode.swift; path = DessertTableViewCell.swift; sourceTree = "<group>"; };
/* End PBXFileReference section */

/* Begin PBXFrameworksBuildPhase section */
		958C0B412A0871D100010257 /* Frameworks */ = {
			isa = PBXFrameworksBuildPhase;
			buildActionMask = 2147483647;
			files = (
				959BBEB62A0F1C7900DED396 /* SDWebImage in Frameworks */,
			);
			runOnlyForDeploymentPostprocessing = 0;
		};
/* End PBXFrameworksBuildPhase section */

/* Begin PBXGroup section */
		958C0B3B2A0871D100010257 = {
			isa = PBXGroup;
			children = (
				958C0B462A0871D100010257 /* Dessert */,
				958C0B452A0871D100010257 /* Products */,
			);
			sourceTree = "<group>";
		};
		958C0B452A0871D100010257 /* Products */ = {
			isa = PBXGroup;
			children = (
				958C0B442A0871D100010257 /* Dessert.app */,
			);
			name = Products;
			sourceTree = "<group>";
		};
		958C0B462A0871D100010257 /* Dessert */ = {
			isa = PBXGroup;
			children = (
				958C0B472A0871D100010257 /* AppDelegate.swift */,
				958C0B492A0871D100010257 /* SceneDelegate.swift */,
				958C0B4B2A0871D100010257 /* DessertViewController.swift */,
				958C0B502A0871D100010257 /* Assets.xcassets */,
				958C0B522A0871D100010257 /* LaunchScreen.storyboard */,
				958C0B552A0871D100010257 /* Info.plist */,
				958C0B5B2A0C771900010257 /* DessertModel.swift */,
				958C0B5D2A0EB5B200010257 /* DessertService.swift */,
				958C0B5F2A0ED2BA00010257 /* DessertViewModel.swift */,
				958C0B612A0EDE1400010257 /* DessertDetailViewController.swift */,
				958C0B632A0EDE2300010257 /* DessertTableViewCell.swift */,
			);
			path = Dessert;
			sourceTree = "<group>";
		};
/* End PBXGroup section */

/* Begin PBXNativeTarget section */
		958C0B432A0871D100010257 /* Dessert */ = {
			isa = PBXNativeTarget;
			buildConfigurationList = 958C0B582A0871D100010257 /* Build configuration list for PBXNativeTarget "Dessert" */;
			buildPhases = (
				958C0B402A0871D100010257 /* Sources */,
				958C0B412A0871D100010257 /* Frameworks */,
				958C0B422A0871D100010257 /* Resources */,
			);
			buildRules = (
			);
			dependencies = (
			);
			name = Dessert;
			packageProductDependencies = (
				959BBEB52A0F1C7800DED396 /* SDWebImage */,
			);
			productName = Dessert;
			productReference = 958C0B442A0871D100010257 /* Dessert.app */;
			productType = "com.apple.product-type.application";
		};
/* End PBXNativeTarget section */

/* Begin PBXProject section */
		958C0B3C2A0871D100010257 /* Project object */ = {
			isa = PBXProject;
			attributes = {
				BuildIndependentTargetsInParallel = 1;
				LastSwiftUpdateCheck = 1420;
				LastUpgradeCheck = 1420;
				TargetAttributes = {
					958C0B432A0871D100010257 = {
						CreatedOnToolsVersion = 14.2;
					};
				};
			};
			buildConfigurationList = 958C0B3F2A0871D100010257 /* Build configuration list for PBXProject "Dessert" */;
			compatibilityVersion = "Xcode 14.0";
			developmentRegion = en;
			hasScannedForEncodings = 0;
			knownRegions = (
				en,
				Base,
			);
			mainGroup = 958C0B3B2A0871D100010257;
			packageReferences = (
				959BBEB42A0F1C7800DED396 /* XCRemoteSwiftPackageReference "SDWebImage" */,
			);
			productRefGroup = 958C0B452A0871D100010257 /* Products */;
			projectDirPath = "";
			projectRoot = "";
			targets = (
				958C0B432A0871D100010257 /* Dessert */,
			);
		};
/* End PBXProject section */

/* Begin PBXResourcesBuildPhase section */
		958C0B422A0871D100010257 /* Resources */ = {
			isa = PBXResourcesBuildPhase;
			buildActionMask = 2147483647;
			files = (
				958C0B542A0871D100010257 /* LaunchScreen.storyboard in Resources */,
				958C0B512A0871D100010257 /* Assets.xcassets in Resources */,
			);
			runOnlyForDeploymentPostprocessing = 0;
		};
/* End PBXResourcesBuildPhase section */

/* Begin PBXSourcesBuildPhase section */
		958C0B402A0871D100010257 /* Sources */ = {
			isa = PBXSourcesBuildPhase;
			buildActionMask = 2147483647;
			files = (
				958C0B5C2A0C771900010257 /* DessertModel.swift in Sources */,
				958C0B602A0ED2BA00010257 /* DessertViewModel.swift in Sources */,
				958C0B642A0EDE2300010257 /* DessertTableViewCell.swift in Sources */,
				958C0B622A0EDE1400010257 /* DessertDetailViewController.swift in Sources */,
				958C0B4C2A0871D100010257 /* DessertViewController.swift in Sources */,
				958C0B482A0871D100010257 /* AppDelegate.swift in Sources */,
				958C0B5E2A0EB5B200010257 /* DessertService.swift in Sources */,
				958C0B4A2A0871D100010257 /* SceneDelegate.swift in Sources */,
			);
			runOnlyForDeploymentPostprocessing = 0;
		};
/* End PBXSourcesBuildPhase section */

/* Begin PBXVariantGroup section */
		958C0B522A0871D100010257 /* LaunchScreen.storyboard */ = {
			isa = PBXVariantGroup;
			children = (
				958C0B532A0871D100010257 /* Base */,
			);
			name = LaunchScreen.storyboard;
			sourceTree = "<group>";
		};
/* End PBXVariantGroup section */

/* Begin XCBuildConfiguration section */
		958C0B562A0871D100010257 /* Debug */ = {
			isa = XCBuildConfiguration;
			buildSettings = {
				ALWAYS_SEARCH_USER_PATHS = NO;
				CLANG_ANALYZER_NONNULL = YES;
				CLANG_ANALYZER_NUMBER_OBJECT_CONVERSION = YES_AGGRESSIVE;
				CLANG_CXX_LANGUAGE_STANDARD = "gnu++20";
				CLANG_ENABLE_MODULES = YES;
				CLANG_ENABLE_OBJC_ARC = YES;
				CLANG_ENABLE_OBJC_WEAK = YES;
				CLANG_WARN_BLOCK_CAPTURE_AUTORELEASING = YES;
				CLANG_WARN_BOOL_CONVERSION = YES;
				CLANG_WARN_COMMA = YES;
				CLANG_WARN_CONSTANT_CONVERSION = YES;
				CLANG_WARN_DEPRECATED_OBJC_IMPLEMENTATIONS = YES;
				CLANG_WARN_DIRECT_OBJC_ISA_USAGE = YES_ERROR;
				CLANG_WARN_DOCUMENTATION_COMMENTS = YES;
				CLANG_WARN_EMPTY_BODY = YES;
				CLANG_WARN_ENUM_CONVERSION = YES;
				CLANG_WARN_INFINITE_RECURSION = YES;
				CLANG_WARN_INT_CONVERSION = YES;
				CLANG_WARN_NON_LITERAL_NULL_CONVERSION = YES;
				CLANG_WARN_OBJC_IMPLICIT_RETAIN_SELF = YES;
				CLANG_WARN_OBJC_LITERAL_CONVERSION = YES;
				CLANG_WARN_OBJC_ROOT_CLASS = YES_ERROR;
				CLANG_WARN_QUOTED_INCLUDE_IN_FRAMEWORK_HEADER = YES;
				CLANG_WARN_RANGE_LOOP_ANALYSIS = YES;
				CLANG_WARN_STRICT_PROTOTYPES = YES;
				CLANG_WARN_SUSPICIOUS_MOVE = YES;
				CLANG_WARN_UNGUARDED_AVAILABILITY = YES_AGGRESSIVE;
				CLANG_WARN_UNREACHABLE_CODE = YES;
				CLANG_WARN__DUPLICATE_METHOD_MATCH = YES;
				COPY_PHASE_STRIP = NO;
				DEBUG_INFORMATION_FORMAT = dwarf;
				ENABLE_STRICT_OBJC_MSGSEND = YES;
				ENABLE_TESTABILITY = YES;
				GCC_C_LANGUAGE_STANDARD = gnu11;
				GCC_DYNAMIC_NO_PIC = NO;
				GCC_NO_COMMON_BLOCKS = YES;
				GCC_OPTIMIZATION_LEVEL = 0;
				GCC_PREPROCESSOR_DEFINITIONS = (
					"DEBUG=1",
					"$(inherited)",
				);
				GCC_WARN_64_TO_32_BIT_CONVERSION = YES;
				GCC_WARN_ABOUT_RETURN_TYPE = YES_ERROR;
				GCC_WARN_UNDECLARED_SELECTOR = YES;
				GCC_WARN_UNINITIALIZED_AUTOS = YES_AGGRESSIVE;
				GCC_WARN_UNUSED_FUNCTION = YES;
				GCC_WARN_UNUSED_VARIABLE = YES;
				IPHONEOS_DEPLOYMENT_TARGET = 16.2;
				MTL_ENABLE_DEBUG_INFO = INCLUDE_SOURCE;
				MTL_FAST_MATH = YES;
				ONLY_ACTIVE_ARCH = YES;
				SDKROOT = iphoneos;
				SWIFT_ACTIVE_COMPILATION_CONDITIONS = DEBUG;
				SWIFT_OPTIMIZATION_LEVEL = "-Onone";
			};
			name = Debug;
		};
		958C0B572A0871D100010257 /* Release */ = {
			isa = XCBuildConfiguration;
			buildSettings = {
				ALWAYS_SEARCH_USER_PATHS = NO;
				CLANG_ANALYZER_NONNULL = YES;
				CLANG_ANALYZER_NUMBER_OBJECT_CONVERSION = YES_AGGRESSIVE;
				CLANG_CXX_LANGUAGE_STANDARD = "gnu++20";
				CLANG_ENABLE_MODULES = YES;
				CLANG_ENABLE_OBJC_ARC = YES;
				CLANG_ENABLE_OBJC_WEAK = YES;
				CLANG_WARN_BLOCK_CAPTURE_AUTORELEASING = YES;
				CLANG_WARN_BOOL_CONVERSION = YES;
				CLANG_WARN_COMMA = YES;
				CLANG_WARN_CONSTANT_CONVERSION = YES;
				CLANG_WARN_DEPRECATED_OBJC_IMPLEMENTATIONS = YES;
				CLANG_WARN_DIRECT_OBJC_ISA_USAGE = YES_ERROR;
				CLANG_WARN_DOCUMENTATION_COMMENTS = YES;
				CLANG_WARN_EMPTY_BODY = YES;
				CLANG_WARN_ENUM_CONVERSION = YES;
				CLANG_WARN_INFINITE_RECURSION = YES;
				CLANG_WARN_INT_CONVERSION = YES;
				CLANG_WARN_NON_LITERAL_NULL_CONVERSION = YES;
				CLANG_WARN_OBJC_IMPLICIT_RETAIN_SELF = YES;
				CLANG_WARN_OBJC_LITERAL_CONVERSION = YES;
				CLANG_WARN_OBJC_ROOT_CLASS = YES_ERROR;
				CLANG_WARN_QUOTED_INCLUDE_IN_FRAMEWORK_HEADER = YES;
				CLANG_WARN_RANGE_LOOP_ANALYSIS = YES;
				CLANG_WARN_STRICT_PROTOTYPES = YES;
				CLANG_WARN_SUSPICIOUS_MOVE = YES;
				CLANG_WARN_UNGUARDED_AVAILABILITY = YES_AGGRESSIVE;
				CLANG_WARN_UNREACHABLE_CODE = YES;
				CLANG_WARN__DUPLICATE_METHOD_MATCH = YES;
				COPY_PHASE_STRIP = NO;
				DEBUG_INFORMATION_FORMAT = "dwarf-with-dsym";
				ENABLE_NS_ASSERTIONS = NO;
				ENABLE_STRICT_OBJC_MSGSEND = YES;
				GCC_C_LANGUAGE_STANDARD = gnu11;
				GCC_NO_COMMON_BLOCKS = YES;
				GCC_WARN_64_TO_32_BIT_CONVERSION = YES;
				GCC_WARN_ABOUT_RETURN_TYPE = YES_ERROR;
				GCC_WARN_UNDECLARED_SELECTOR = YES;
				GCC_WARN_UNINITIALIZED_AUTOS = YES_AGGRESSIVE;
				GCC_WARN_UNUSED_FUNCTION = YES;
				GCC_WARN_UNUSED_VARIABLE = YES;
				IPHONEOS_DEPLOYMENT_TARGET = 16.2;
				MTL_ENABLE_DEBUG_INFO = NO;
				MTL_FAST_MATH = YES;
				SDKROOT = iphoneos;
				SWIFT_COMPILATION_MODE = wholemodule;
				SWIFT_OPTIMIZATION_LEVEL = "-O";
				VALIDATE_PRODUCT = YES;
			};
			name = Release;
		};
		958C0B592A0871D100010257 /* Debug */ = {
			isa = XCBuildConfiguration;
			buildSettings = {
				ASSETCATALOG_COMPILER_APPICON_NAME = AppIcon;
				ASSETCATALOG_COMPILER_GLOBAL_ACCENT_COLOR_NAME = AccentColor;
				CODE_SIGN_STYLE = Automatic;
				CURRENT_PROJECT_VERSION = 1;
				GENERATE_INFOPLIST_FILE = YES;
				INFOPLIST_FILE = Dessert/Info.plist;
				INFOPLIST_KEY_UIApplicationSupportsIndirectInputEvents = YES;
				INFOPLIST_KEY_UILaunchStoryboardName = LaunchScreen;
				INFOPLIST_KEY_UISupportedInterfaceOrientations_iPad = "UIInterfaceOrientationPortrait UIInterfaceOrientationPortraitUpsideDown UIInterfaceOrientationLandscapeLeft UIInterfaceOrientationLandscapeRight";
				INFOPLIST_KEY_UISupportedInterfaceOrientations_iPhone = "UIInterfaceOrientationPortrait UIInterfaceOrientationLandscapeLeft UIInterfaceOrientationLandscapeRight";
				LD_RUNPATH_SEARCH_PATHS = (
					"$(inherited)",
					"@executable_path/Frameworks",
				);
				MARKETING_VERSION = 1.0;
				PRODUCT_BUNDLE_IDENTIFIER = Fetch.Dessert;
				PRODUCT_NAME = "$(TARGET_NAME)";
				SWIFT_EMIT_LOC_STRINGS = YES;
				SWIFT_VERSION = 5.0;
				TARGETED_DEVICE_FAMILY = "1,2";
			};
			name = Debug;
		};
		958C0B5A2A0871D100010257 /* Release */ = {
			isa = XCBuildConfiguration;
			buildSettings = {
				ASSETCATALOG_COMPILER_APPICON_NAME = AppIcon;
				ASSETCATALOG_COMPILER_GLOBAL_ACCENT_COLOR_NAME = AccentColor;
				CODE_SIGN_STYLE = Automatic;
				CURRENT_PROJECT_VERSION = 1;
				GENERATE_INFOPLIST_FILE = YES;
				INFOPLIST_FILE = Dessert/Info.plist;
				INFOPLIST_KEY_UIApplicationSupportsIndirectInputEvents = YES;
				INFOPLIST_KEY_UILaunchStoryboardName = LaunchScreen;
				INFOPLIST_KEY_UISupportedInterfaceOrientations_iPad = "UIInterfaceOrientationPortrait UIInterfaceOrientationPortraitUpsideDown UIInterfaceOrientationLandscapeLeft UIInterfaceOrientationLandscapeRight";
				INFOPLIST_KEY_UISupportedInterfaceOrientations_iPhone = "UIInterfaceOrientationPortrait UIInterfaceOrientationLandscapeLeft UIInterfaceOrientationLandscapeRight";
				LD_RUNPATH_SEARCH_PATHS = (
					"$(inherited)",
					"@executable_path/Frameworks",
				);
				MARKETING_VERSION = 1.0;
				PRODUCT_BUNDLE_IDENTIFIER = Fetch.Dessert;
				PRODUCT_NAME = "$(TARGET_NAME)";
				SWIFT_EMIT_LOC_STRINGS = YES;
				SWIFT_VERSION = 5.0;
				TARGETED_DEVICE_FAMILY = "1,2";
			};
			name = Release;
		};
/* End XCBuildConfiguration section */

/* Begin XCConfigurationList section */
		958C0B3F2A0871D100010257 /* Build configuration list for PBXProject "Dessert" */ = {
			isa = XCConfigurationList;
			buildConfigurations = (
				958C0B562A0871D100010257 /* Debug */,
				958C0B572A0871D100010257 /* Release */,
			);
			defaultConfigurationIsVisible = 0;
			defaultConfigurationName = Release;
		};
		958C0B582A0871D100010257 /* Build configuration list for PBXNativeTarget "Dessert" */ = {
			isa = XCConfigurationList;
			buildConfigurations = (
				958C0B592A0871D100010257 /* Debug */,
				958C0B5A2A0871D100010257 /* Release */,
			);
			defaultConfigurationIsVisible = 0;
			defaultConfigurationName = Release;
		};
/* End XCConfigurationList section */

/* Begin XCRemoteSwiftPackageReference section */
		959BBEB42A0F1C7800DED396 /* XCRemoteSwiftPackageReference "SDWebImage" */ = {
			isa = XCRemoteSwiftPackageReference;
			repositoryURL = "https://github.com/SDWebImage/SDWebImage";
			requirement = {
				kind = upToNextMajorVersion;
				minimumVersion = 5.0.0;
			};
		};
/* End XCRemoteSwiftPackageReference section */

/* Begin XCSwiftPackageProductDependency section */
		959BBEB52A0F1C7800DED396 /* SDWebImage */ = {
			isa = XCSwiftPackageProductDependency;
			package = 959BBEB42A0F1C7800DED396 /* XCRemoteSwiftPackageReference "SDWebImage" */;
			productName = SDWebImage;
		};
/* End XCSwiftPackageProductDependency section */
	};
	rootObject = 958C0B3C2A0871D100010257 /* Project object */;
}
